
Microsoft Visual Studio Solution File, Format Version 12.00
# Visual Studio 2015
Project("{FAE04EC0-301F-11D3-BF4B-00C04F79EFBC}") = "trunk.Plugins", "trunk.Plugins.csproj", "{9FB16D8B-831F-6D37-C922-46F20B3008A0}"
EndProject
Project("{FAE04EC0-301F-11D3-BF4B-00C04F79EFBC}") = "trunk", "trunk.csproj", "{9886FD9B-04CF-ACFF-454C-462468CD4848}"
EndProject
Project("{FAE04EC0-301F-11D3-BF4B-00C04F79EFBC}") = "trunk.Editor.Plugins", "trunk.Editor.Plugins.csproj", "{BEBC7737-B619-09A5-B301-F531776E3B5E}"
EndProject
Project("{FAE04EC0-301F-11D3-BF4B-00C04F79EFBC}") = "trunk.Editor", "trunk.Editor.csproj", "{28122906-15B6-B1C5-1D01-93048303974F}"
EndProject
Global
	GlobalSection(SolutionConfigurationPlatforms) = preSolution
		Debug|Any CPU = Debug|Any CPU
		Release|Any CPU = Release|Any CPU
	EndGlobalSection
	GlobalSection(ProjectConfigurationPlatforms) = postSolution
		{9FB16D8B-831F-6D37-C922-46F20B3008A0}.Debug|Any CPU.ActiveCfg = Debug|Any CPU
		{9FB16D8B-831F-6D37-C922-46F20B3008A0}.Debug|Any CPU.Build.0 = Debug|Any CPU
		{9FB16D8B-831F-6D37-C922-46F20B3008A0}.Release|Any CPU.ActiveCfg = Release|Any CPU
		{9FB16D8B-831F-6D37-C922-46F20B3008A0}.Release|Any CPU.Build.0 = Release|Any CPU
		{9886FD9B-04CF-ACFF-454C-462468CD4848}.Debug|Any CPU.ActiveCfg = Debug|Any CPU
		{9886FD9B-04CF-ACFF-454C-462468CD4848}.Debug|Any CPU.Build.0 = Debug|Any CPU
		{9886FD9B-04CF-ACFF-454C-462468CD4848}.Release|Any CPU.ActiveCfg = Release|Any CPU
		{9886FD9B-04CF-ACFF-454C-462468CD4848}.Release|Any CPU.Build.0 = Release|Any CPU
		{BEBC7737-B619-09A5-B301-F531776E3B5E}.Debug|Any CPU.ActiveCfg = Debug|Any CPU
		{BEBC7737-B619-09A5-B301-F531776E3B5E}.Debug|Any CPU.Build.0 = Debug|Any CPU
		{BEBC7737-B619-09A5-B301-F531776E3B5E}.Release|Any CPU.ActiveCfg = Release|Any CPU
		{BEBC7737-B619-09A5-B301-F531776E3B5E}.Release|Any CPU.Build.0 = Release|Any CPU
		{28122906-15B6-B1C5-1D01-93048303974F}.Debug|Any CPU.ActiveCfg = Debug|Any CPU
		{28122906-15B6-B1C5-1D01-93048303974F}.Debug|Any CPU.Build.0 = Debug|Any CPU
		{28122906-15B6-B1C5-1D01-93048303974F}.Release|Any CPU.ActiveCfg = Release|Any CPU
		{28122906-15B6-B1C5-1D01-93048303974F}.Release|Any CPU.Build.0 = Release|Any CPU
	EndGlobalSection
	GlobalSection(SolutionProperties) = preSolution
		HideSolutionNode = FALSE
	EndGlobalSection
EndGlobal
